
Microsoft Visual Studio Solution File, Format Version 12.00
# Visual Studio Version 16
VisualStudioVersion = 16.0.31112.23
MinimumVisualStudioVersion = 10.0.40219.1
Project("{9A19103F-16F7-4668-BE54-9A1E7A4F7556}") = "Counter", "lesson7\Counter.csproj", "{5BFF2892-3EAC-4322-BFE3-F628F6E3E6CC}"
EndProject
Project("{FAE04EC0-301F-11D3-BF4B-00C04F79EFBC}") = "StringS", "StringOperation\StringS.csproj", "{8F33E2DC-9C34-472D-891E-9052CB56BEBE}"
EndProject
Project("{FAE04EC0-301F-11D3-BF4B-00C04F79EFBC}") = "PingPong", "PingPong\PingPong.csproj", "{43F781DB-37BF-44C2-9A54-B430757D1F2A}"
EndProject
Global
	GlobalSection(SolutionConfigurationPlatforms) = preSolution
		Debug|Any CPU = Debug|Any CPU
		Release|Any CPU = Release|Any CPU
	EndGlobalSection
	GlobalSection(ProjectConfigurationPlatforms) = postSolution
		{5BFF2892-3EAC-4322-BFE3-F628F6E3E6CC}.Debug|Any CPU.ActiveCfg = Debug|Any CPU
		{5BFF2892-3EAC-4322-BFE3-F628F6E3E6CC}.Debug|Any CPU.Build.0 = Debug|Any CPU
		{5BFF2892-3EAC-4322-BFE3-F628F6E3E6CC}.Release|Any CPU.ActiveCfg = Release|Any CPU
		{5BFF2892-3EAC-4322-BFE3-F628F6E3E6CC}.Release|Any CPU.Build.0 = Release|Any CPU
		{8F33E2DC-9C34-472D-891E-9052CB56BEBE}.Debug|Any CPU.ActiveCfg = Debug|Any CPU
		{8F33E2DC-9C34-472D-891E-9052CB56BEBE}.Debug|Any CPU.Build.0 = Debug|Any CPU
		{8F33E2DC-9C34-472D-891E-9052CB56BEBE}.Release|Any CPU.ActiveCfg = Release|Any CPU
		{8F33E2DC-9C34-472D-891E-9052CB56BEBE}.Release|Any CPU.Build.0 = Release|Any CPU
		{43F781DB-37BF-44C2-9A54-B430757D1F2A}.Debug|Any CPU.ActiveCfg = Debug|Any CPU
		{43F781DB-37BF-44C2-9A54-B430757D1F2A}.Debug|Any CPU.Build.0 = Debug|Any CPU
		{43F781DB-37BF-44C2-9A54-B430757D1F2A}.Release|Any CPU.ActiveCfg = Release|Any CPU
		{43F781DB-37BF-44C2-9A54-B430757D1F2A}.Release|Any CPU.Build.0 = Release|Any CPU
	EndGlobalSection
	GlobalSection(SolutionProperties) = preSolution
		HideSolutionNode = FALSE
	EndGlobalSection
	GlobalSection(ExtensibilityGlobals) = postSolution
		SolutionGuid = {F37D1781-88F9-4B88-A0F6-A9B54EFB1B49}
	EndGlobalSection
EndGlobal
